
Microsoft Visual Studio Solution File, Format Version 12.00
# Visual Studio Version 16
VisualStudioVersion = 16.0.33328.57
MinimumVisualStudioVersion = 10.0.40219.1
Project("{FAE04EC0-301F-11D3-BF4B-00C04F79EFBC}") = "lab7real", "lab7real\lab7real.csproj", "{8783C529-8BBD-44E0-9341-11DA8D457494}"
EndProject
Global
	GlobalSection(SolutionConfigurationPlatforms) = preSolution
		Debug|Any CPU = Debug|Any CPU
		Release|Any CPU = Release|Any CPU
	EndGlobalSection
	GlobalSection(ProjectConfigurationPlatforms) = postSolution
		{8783C529-8BBD-44E0-9341-11DA8D457494}.Debug|Any CPU.ActiveCfg = Debug|Any CPU
		{8783C529-8BBD-44E0-9341-11DA8D457494}.Debug|Any CPU.Build.0 = Debug|Any CPU
		{8783C529-8BBD-44E0-9341-11DA8D457494}.Release|Any CPU.ActiveCfg = Release|Any CPU
		{8783C529-8BBD-44E0-9341-11DA8D457494}.Release|Any CPU.Build.0 = Release|Any CPU
	EndGlobalSection
	GlobalSection(SolutionProperties) = preSolution
		HideSolutionNode = FALSE
	EndGlobalSection
	GlobalSection(ExtensibilityGlobals) = postSolution
		SolutionGuid = {D3D76FC1-30B8-48BF-8E62-E9CBB6594BC0}
	EndGlobalSection
EndGlobal
